
Microsoft Visual Studio Solution File, Format Version 12.00
# Visual Studio Version 16
VisualStudioVersion = 16.0.31112.23
MinimumVisualStudioVersion = 10.0.40219.1
Project("{FAE04EC0-301F-11D3-BF4B-00C04F79EFBC}") = "FamilyTree", "FamilyTree\FamilyTree.csproj", "{B385C723-923A-4B32-990D-E0B42221BE96}"
EndProject
Global
	GlobalSection(SolutionConfigurationPlatforms) = preSolution
		Debug|Any CPU = Debug|Any CPU
		Release|Any CPU = Release|Any CPU
	EndGlobalSection
	GlobalSection(ProjectConfigurationPlatforms) = postSolution
		{B385C723-923A-4B32-990D-E0B42221BE96}.Debug|Any CPU.ActiveCfg = Debug|Any CPU
		{B385C723-923A-4B32-990D-E0B42221BE96}.Debug|Any CPU.Build.0 = Debug|Any CPU
		{B385C723-923A-4B32-990D-E0B42221BE96}.Release|Any CPU.ActiveCfg = Release|Any CPU
		{B385C723-923A-4B32-990D-E0B42221BE96}.Release|Any CPU.Build.0 = Release|Any CPU
	EndGlobalSection
	GlobalSection(SolutionProperties) = preSolution
		HideSolutionNode = FALSE
	EndGlobalSection
	GlobalSection(ExtensibilityGlobals) = postSolution
		SolutionGuid = {D4DF85A6-37E2-4E3A-829F-254369BE9A5E}
	EndGlobalSection
EndGlobal
